
Microsoft Visual Studio Solution File, Format Version 12.00
# Visual Studio Version 17
VisualStudioVersion = 17.10.35027.167
MinimumVisualStudioVersion = 10.0.40219.1
Project("{2150E333-8FDC-42A3-9474-1A3956D46DE8}") = "1 - Apresentacao", "1 - Apresentacao", "{15BACCA7-6ECA-42D4-88B2-869F281040E9}"
EndProject
Project("{2150E333-8FDC-42A3-9474-1A3956D46DE8}") = "2 - Aplicacao", "2 - Aplicacao", "{7C640574-E0C1-4489-A9F3-E5DC15F4046A}"
EndProject
Project("{2150E333-8FDC-42A3-9474-1A3956D46DE8}") = "3 - Dominio", "3 - Dominio", "{BA62A64A-F872-4177-816E-5B0D8523F673}"
EndProject
Project("{2150E333-8FDC-42A3-9474-1A3956D46DE8}") = "4 - Infraestrutura", "4 - Infraestrutura", "{0613779B-F534-48A8-ABE5-B5B48195C452}"
EndProject
Project("{2150E333-8FDC-42A3-9474-1A3956D46DE8}") = "5 - Teste", "5 - Teste", "{AF9C7369-D7A8-4AA8-87EF-C69A980FA0E7}"
EndProject
Project("{FAE04EC0-301F-11D3-BF4B-00C04F79EFBC}") = "Livros.Dominio", "src\Livros.Dominio\Livros.Dominio.csproj", "{D0E625AE-01AA-4FAF-A4BD-A67461A84D5A}"
EndProject
Project("{FAE04EC0-301F-11D3-BF4B-00C04F79EFBC}") = "Livros.TesteUnitario", "src\Livros.TesteUnitario\Livros.TesteUnitario.csproj", "{58BF528B-7D7B-4767-90A0-A12C5C90FA9D}"
EndProject
Project("{FAE04EC0-301F-11D3-BF4B-00C04F79EFBC}") = "Livros.Aplicacao", "src\Livros.Aplicacao\Livros.Aplicacao.csproj", "{8F2F1590-0AAE-41AD-A6B4-688DC3590197}"
EndProject
Project("{FAE04EC0-301F-11D3-BF4B-00C04F79EFBC}") = "Livros.Infraestrutura", "src\Livros.Infraestrutura\Livros.Infraestrutura.csproj", "{6E9909ED-FF77-4DD7-88BA-1EADC9632338}"
EndProject
Project("{FAE04EC0-301F-11D3-BF4B-00C04F79EFBC}") = "Livros.API", "src\Livros.API\Livros.API.csproj", "{34650E7C-9E2B-4269-9B39-4E26B53D5A3E}"
EndProject
Global
	GlobalSection(SolutionConfigurationPlatforms) = preSolution
		Debug|Any CPU = Debug|Any CPU
		Release|Any CPU = Release|Any CPU
	EndGlobalSection
	GlobalSection(ProjectConfigurationPlatforms) = postSolution
		{D0E625AE-01AA-4FAF-A4BD-A67461A84D5A}.Debug|Any CPU.ActiveCfg = Debug|Any CPU
		{D0E625AE-01AA-4FAF-A4BD-A67461A84D5A}.Debug|Any CPU.Build.0 = Debug|Any CPU
		{D0E625AE-01AA-4FAF-A4BD-A67461A84D5A}.Release|Any CPU.ActiveCfg = Release|Any CPU
		{D0E625AE-01AA-4FAF-A4BD-A67461A84D5A}.Release|Any CPU.Build.0 = Release|Any CPU
		{58BF528B-7D7B-4767-90A0-A12C5C90FA9D}.Debug|Any CPU.ActiveCfg = Debug|Any CPU
		{58BF528B-7D7B-4767-90A0-A12C5C90FA9D}.Debug|Any CPU.Build.0 = Debug|Any CPU
		{58BF528B-7D7B-4767-90A0-A12C5C90FA9D}.Release|Any CPU.ActiveCfg = Release|Any CPU
		{58BF528B-7D7B-4767-90A0-A12C5C90FA9D}.Release|Any CPU.Build.0 = Release|Any CPU
		{8F2F1590-0AAE-41AD-A6B4-688DC3590197}.Debug|Any CPU.ActiveCfg = Debug|Any CPU
		{8F2F1590-0AAE-41AD-A6B4-688DC3590197}.Debug|Any CPU.Build.0 = Debug|Any CPU
		{8F2F1590-0AAE-41AD-A6B4-688DC3590197}.Release|Any CPU.ActiveCfg = Release|Any CPU
		{8F2F1590-0AAE-41AD-A6B4-688DC3590197}.Release|Any CPU.Build.0 = Release|Any CPU
		{6E9909ED-FF77-4DD7-88BA-1EADC9632338}.Debug|Any CPU.ActiveCfg = Debug|Any CPU
		{6E9909ED-FF77-4DD7-88BA-1EADC9632338}.Debug|Any CPU.Build.0 = Debug|Any CPU
		{6E9909ED-FF77-4DD7-88BA-1EADC9632338}.Release|Any CPU.ActiveCfg = Release|Any CPU
		{6E9909ED-FF77-4DD7-88BA-1EADC9632338}.Release|Any CPU.Build.0 = Release|Any CPU
		{34650E7C-9E2B-4269-9B39-4E26B53D5A3E}.Debug|Any CPU.ActiveCfg = Debug|Any CPU
		{34650E7C-9E2B-4269-9B39-4E26B53D5A3E}.Debug|Any CPU.Build.0 = Debug|Any CPU
		{34650E7C-9E2B-4269-9B39-4E26B53D5A3E}.Release|Any CPU.ActiveCfg = Release|Any CPU
		{34650E7C-9E2B-4269-9B39-4E26B53D5A3E}.Release|Any CPU.Build.0 = Release|Any CPU
	EndGlobalSection
	GlobalSection(SolutionProperties) = preSolution
		HideSolutionNode = FALSE
	EndGlobalSection
	GlobalSection(NestedProjects) = preSolution
		{D0E625AE-01AA-4FAF-A4BD-A67461A84D5A} = {BA62A64A-F872-4177-816E-5B0D8523F673}
		{58BF528B-7D7B-4767-90A0-A12C5C90FA9D} = {AF9C7369-D7A8-4AA8-87EF-C69A980FA0E7}
		{8F2F1590-0AAE-41AD-A6B4-688DC3590197} = {7C640574-E0C1-4489-A9F3-E5DC15F4046A}
		{6E9909ED-FF77-4DD7-88BA-1EADC9632338} = {0613779B-F534-48A8-ABE5-B5B48195C452}
		{34650E7C-9E2B-4269-9B39-4E26B53D5A3E} = {15BACCA7-6ECA-42D4-88B2-869F281040E9}
	EndGlobalSection
	GlobalSection(ExtensibilityGlobals) = postSolution
		SolutionGuid = {CFEB420F-0594-4F8F-A021-AC946D0339F8}
	EndGlobalSection
EndGlobal
